
Microsoft Visual Studio Solution File, Format Version 12.00
# Visual Studio 15
VisualStudioVersion = 15.0.26730.10
MinimumVisualStudioVersion = 10.0.40219.1
Project("{FAE04EC0-301F-11D3-BF4B-00C04F79EFBC}") = "JaySmith.DomainEvents", "JaySmith.DomainEvents\JaySmith.DomainEvents.csproj", "{AC2C0CFE-01B2-49A8-A4FC-287D5E96A10D}"
EndProject
Project("{FAE04EC0-301F-11D3-BF4B-00C04F79EFBC}") = "DomainEvents.StructureMapExample", "DomainEvents.StructureMap.Example\DomainEvents.StructureMapExample.csproj", "{D84B108B-6F0D-43F6-A6BA-7913EF9CA560}"
EndProject
Project("{2150E333-8FDC-42A3-9474-1A3956D46DE8}") = ".nuget", ".nuget", "{99F743FB-153C-4841-BD08-339A6E4E2627}"
	ProjectSection(SolutionItems) = preProject
		.nuget\packages.config = .nuget\packages.config
	EndProjectSection
EndProject
Project("{FF286327-C783-4F7A-AB73-9BCBAD0D4460}") = "JaySmith.DomainEvents.Nuget", "JaySmith.DomainEvents.Nuget\JaySmith.DomainEvents.Nuget.nuproj", "{010C57F6-C82F-4373-AD74-CB1724CA8EE1}"
EndProject
Global
	GlobalSection(SolutionConfigurationPlatforms) = preSolution
		Debug|Any CPU = Debug|Any CPU
		Release|Any CPU = Release|Any CPU
	EndGlobalSection
	GlobalSection(ProjectConfigurationPlatforms) = postSolution
		{AC2C0CFE-01B2-49A8-A4FC-287D5E96A10D}.Debug|Any CPU.ActiveCfg = Debug|Any CPU
		{AC2C0CFE-01B2-49A8-A4FC-287D5E96A10D}.Debug|Any CPU.Build.0 = Debug|Any CPU
		{AC2C0CFE-01B2-49A8-A4FC-287D5E96A10D}.Release|Any CPU.ActiveCfg = Release|Any CPU
		{AC2C0CFE-01B2-49A8-A4FC-287D5E96A10D}.Release|Any CPU.Build.0 = Release|Any CPU
		{D84B108B-6F0D-43F6-A6BA-7913EF9CA560}.Debug|Any CPU.ActiveCfg = Debug|Any CPU
		{D84B108B-6F0D-43F6-A6BA-7913EF9CA560}.Debug|Any CPU.Build.0 = Debug|Any CPU
		{D84B108B-6F0D-43F6-A6BA-7913EF9CA560}.Release|Any CPU.ActiveCfg = Release|Any CPU
		{D84B108B-6F0D-43F6-A6BA-7913EF9CA560}.Release|Any CPU.Build.0 = Release|Any CPU
		{010C57F6-C82F-4373-AD74-CB1724CA8EE1}.Debug|Any CPU.ActiveCfg = Debug|Any CPU
		{010C57F6-C82F-4373-AD74-CB1724CA8EE1}.Debug|Any CPU.Build.0 = Debug|Any CPU
		{010C57F6-C82F-4373-AD74-CB1724CA8EE1}.Release|Any CPU.ActiveCfg = Release|Any CPU
		{010C57F6-C82F-4373-AD74-CB1724CA8EE1}.Release|Any CPU.Build.0 = Release|Any CPU
	EndGlobalSection
	GlobalSection(SolutionProperties) = preSolution
		HideSolutionNode = FALSE
	EndGlobalSection
	GlobalSection(ExtensibilityGlobals) = postSolution
		SolutionGuid = {1710DF89-B094-45BE-A9DB-19BA9303CD17}
	EndGlobalSection
EndGlobal
