
Microsoft Visual Studio Solution File, Format Version 12.00
# Visual Studio 11
Project("{FAE04EC0-301F-11D3-BF4B-00C04F79EFBC}") = "JaySmith.DomainEvents", "JaySmith.DomainEvents\JaySmith.DomainEvents.csproj", "{AC2C0CFE-01B2-49A8-A4FC-287D5E96A10D}"
EndProject
Project("{FAE04EC0-301F-11D3-BF4B-00C04F79EFBC}") = "DomainEventsExample.MVC3", "DomainEventsExample.MVC3\DomainEventsExample.MVC3.csproj", "{0EB25BDD-F352-47E8-BBCA-19837EC4AC1F}"
EndProject
Project("{FAE04EC0-301F-11D3-BF4B-00C04F79EFBC}") = "JaySmith.DomainEvents.StructureMap", "JaySmith.DomainEvents.StructureMap\JaySmith.DomainEvents.StructureMap.csproj", "{7CD33E78-C0F5-496A-9D1C-BD46E54C2050}"
EndProject
Project("{FAE04EC0-301F-11D3-BF4B-00C04F79EFBC}") = "NuGet Package", "NuGet Package\NuGet Package.csproj", "{0451BAEF-DF2E-4B98-8644-94EE9415E389}"
EndProject
Global
	GlobalSection(SolutionConfigurationPlatforms) = preSolution
		Debug|Any CPU = Debug|Any CPU
		Release|Any CPU = Release|Any CPU
	EndGlobalSection
	GlobalSection(ProjectConfigurationPlatforms) = postSolution
		{0451BAEF-DF2E-4B98-8644-94EE9415E389}.Debug|Any CPU.ActiveCfg = Debug|Any CPU
		{0451BAEF-DF2E-4B98-8644-94EE9415E389}.Debug|Any CPU.Build.0 = Debug|Any CPU
		{0451BAEF-DF2E-4B98-8644-94EE9415E389}.Release|Any CPU.ActiveCfg = Release|Any CPU
		{0451BAEF-DF2E-4B98-8644-94EE9415E389}.Release|Any CPU.Build.0 = Release|Any CPU
		{0EB25BDD-F352-47E8-BBCA-19837EC4AC1F}.Debug|Any CPU.ActiveCfg = Debug|Any CPU
		{0EB25BDD-F352-47E8-BBCA-19837EC4AC1F}.Debug|Any CPU.Build.0 = Debug|Any CPU
		{0EB25BDD-F352-47E8-BBCA-19837EC4AC1F}.Release|Any CPU.ActiveCfg = Release|Any CPU
		{0EB25BDD-F352-47E8-BBCA-19837EC4AC1F}.Release|Any CPU.Build.0 = Release|Any CPU
		{7CD33E78-C0F5-496A-9D1C-BD46E54C2050}.Debug|Any CPU.ActiveCfg = Debug|Any CPU
		{7CD33E78-C0F5-496A-9D1C-BD46E54C2050}.Debug|Any CPU.Build.0 = Debug|Any CPU
		{7CD33E78-C0F5-496A-9D1C-BD46E54C2050}.Release|Any CPU.ActiveCfg = Release|Any CPU
		{7CD33E78-C0F5-496A-9D1C-BD46E54C2050}.Release|Any CPU.Build.0 = Release|Any CPU
		{AC2C0CFE-01B2-49A8-A4FC-287D5E96A10D}.Debug|Any CPU.ActiveCfg = Debug|Any CPU
		{AC2C0CFE-01B2-49A8-A4FC-287D5E96A10D}.Debug|Any CPU.Build.0 = Debug|Any CPU
		{AC2C0CFE-01B2-49A8-A4FC-287D5E96A10D}.Release|Any CPU.ActiveCfg = Release|Any CPU
		{AC2C0CFE-01B2-49A8-A4FC-287D5E96A10D}.Release|Any CPU.Build.0 = Release|Any CPU
	EndGlobalSection
	GlobalSection(SolutionProperties) = preSolution
		HideSolutionNode = FALSE
	EndGlobalSection
EndGlobal
